
Microsoft Visual Studio Solution File, Format Version 12.00
# Visual Studio Version 16
VisualStudioVersion = 16.0.29709.97
MinimumVisualStudioVersion = 10.0.40219.1
Project("{FAE04EC0-301F-11D3-BF4B-00C04F79EFBC}") = "StatGenerator", "StatGenerator\StatGenerator.csproj", "{F521120D-EAA2-4AC9-BD8C-2842BEEB9951}"
EndProject
Global
	GlobalSection(SolutionConfigurationPlatforms) = preSolution
		Debug|Any CPU = Debug|Any CPU
		Release|Any CPU = Release|Any CPU
	EndGlobalSection
	GlobalSection(ProjectConfigurationPlatforms) = postSolution
		{F521120D-EAA2-4AC9-BD8C-2842BEEB9951}.Debug|Any CPU.ActiveCfg = Debug|Any CPU
		{F521120D-EAA2-4AC9-BD8C-2842BEEB9951}.Debug|Any CPU.Build.0 = Debug|Any CPU
		{F521120D-EAA2-4AC9-BD8C-2842BEEB9951}.Release|Any CPU.ActiveCfg = Release|Any CPU
		{F521120D-EAA2-4AC9-BD8C-2842BEEB9951}.Release|Any CPU.Build.0 = Release|Any CPU
	EndGlobalSection
	GlobalSection(SolutionProperties) = preSolution
		HideSolutionNode = FALSE
	EndGlobalSection
	GlobalSection(ExtensibilityGlobals) = postSolution
		SolutionGuid = {9D93C0C3-3F39-497E-A9E4-A5E025514F0E}
	EndGlobalSection
EndGlobal
